{
  "version": 4,
  "terraform_version": "1.14.8",
  "serial": 18,
  "lineage": "49fa9756-66f3-b5e0-93ff-2cd44542dd8d",
  "outputs": {
    "public_ip": {
      "value": "13.218.109.51",
      "type": "string"
    }
  },
  "resources": [
    {
      "mode": "managed",
      "type": "aws_instance",
      "name": "monitoring",
      "provider": "provider[\"registry.terraform.io/hashicorp/aws\"]",
      "instances": [
        {
          "schema_version": 2,
          "attributes": {
            "ami": "ami-0ec10929233384c7f",
            "arn": "arn:aws:ec2:us-east-1:402314751452:instance/i-03d9669bf2a13b5ea",
            "associate_public_ip_address": true,
            "availability_zone": "us-east-1d",
            "capacity_reservation_specification": [
              {
                "capacity_reservation_preference": "open",
                "capacity_reservation_target": []
              }
            ],
            "cpu_options": [
              {
                "amd_sev_snp": "",
                "core_count": 1,
                "nested_virtualization": "",
                "threads_per_core": 1
              }
            ],
            "credit_specification": [
              {
                "cpu_credits": "standard"
              }
            ],
            "disable_api_stop": false,
            "disable_api_termination": false,
            "ebs_block_device": [],
            "ebs_optimized": false,
            "enable_primary_ipv6": null,
            "enclave_options": [
              {
                "enabled": false
              }
            ],
            "ephemeral_block_device": [],
            "force_destroy": false,
            "get_password_data": false,
            "hibernation": false,
            "host_id": "",
            "host_resource_group_arn": null,
            "iam_instance_profile": "",
            "id": "i-03d9669bf2a13b5ea",
            "instance_initiated_shutdown_behavior": "stop",
            "instance_lifecycle": "",
            "instance_market_options": [],
            "instance_state": "running",
            "instance_type": "t2.micro",
            "ipv6_address_count": 0,
            "ipv6_addresses": [],
            "key_name": "User1",
            "launch_template": [],
            "maintenance_options": [
              {
                "auto_recovery": "default"
              }
            ],
            "metadata_options": [
              {
                "http_endpoint": "enabled",
                "http_protocol_ipv6": "disabled",
                "http_put_response_hop_limit": 2,
                "http_tokens": "required",
                "instance_metadata_tags": "disabled"
              }
            ],
            "monitoring": false,
            "network_interface": [],
            "outpost_arn": "",
            "password_data": "",
            "placement_group": "",
            "placement_group_id": "",
            "placement_partition_number": 0,
            "primary_network_interface": [
              {
                "delete_on_termination": true,
                "network_interface_id": "eni-0d5e5d56dfd48a304"
              }
            ],
            "primary_network_interface_id": "eni-0d5e5d56dfd48a304",
            "private_dns": "ip-10-0-1-229.ec2.internal",
            "private_dns_name_options": [
              {
                "enable_resource_name_dns_a_record": false,
                "enable_resource_name_dns_aaaa_record": false,
                "hostname_type": "ip-name"
              }
            ],
            "private_ip": "10.0.1.229",
            "public_dns": "",
            "public_ip": "13.218.109.51",
            "region": "us-east-1",
            "root_block_device": [
              {
                "delete_on_termination": true,
                "device_name": "/dev/sda1",
                "encrypted": false,
                "iops": 3000,
                "kms_key_id": "",
                "tags": {},
                "tags_all": {},
                "throughput": 125,
                "volume_id": "vol-0a3a1a87e20a8eba4",
                "volume_size": 8,
                "volume_type": "gp3"
              }
            ],
            "secondary_network_interface": [],
            "secondary_private_ips": [],
            "security_groups": [],
            "source_dest_check": true,
            "spot_instance_request_id": "",
            "subnet_id": "subnet-0df1adb68497ca883",
            "tags": {
              "Name": "Monitoring-Server"
            },
            "tags_all": {
              "Name": "Monitoring-Server"
            },
            "tenancy": "default",
            "timeouts": null,
            "user_data": "#!/bin/bash\nset -e\n\napt update -y\napt install -y wget tar\n\n# Create user\nuseradd --no-create-home --shell /bin/false prometheus\n\n# Install Prometheus\ncd /opt\nwget https://github.com/prometheus/prometheus/releases/latest/download/prometheus-3.10.0.linux-amd64.tar.gz\ntar -xvf prometheus-3.10.0.linux-amd64.tar.gz\nmv prometheus-3.10.0.linux-amd64 prometheus\n\n# Install Node Exporter\nwget https://github.com/prometheus/node_exporter/releases/latest/download/node_exporter-1.10.2.linux-amd64.tar.gz\ntar -xvf node_exporter-1.10.2.linux-amd64.tar.gz\nmv node_exporter-1.10.2.linux-amd64 node_exporter\n\n# Config\ncat \u003c\u003cEOF \u003e /opt/prometheus/prometheus.yml\nglobal:\n  scrape_interval: 15s\n\nscrape_configs:\n  - job_name: 'node_exporter'\n    static_configs:\n      - targets: ['localhost:9100']\nEOF\n\n# Prometheus service\ncat \u003c\u003cEOF \u003e /etc/systemd/system/prometheus.service\n[Unit]\nDescription=Prometheus\nAfter=network.target\n\n[Service]\nExecStart=/opt/prometheus/prometheus --config.file=/opt/prometheus/prometheus.yml\nRestart=always\n\n[Install]\nWantedBy=multi-user.target\nEOF\n\n# Node Exporter service\ncat \u003c\u003cEOF \u003e /etc/systemd/system/node_exporter.service\n[Unit]\nDescription=Node Exporter\n\n[Service]\nExecStart=/opt/node_exporter/node_exporter\nRestart=always\n\n[Install]\nWantedBy=multi-user.target\nEOF\n\n# Start services\nsystemctl daemon-reload\nsystemctl enable prometheus\nsystemctl start prometheus\nsystemctl enable node_exporter\nsystemctl start node_exporter\n\n# Install Grafana\napt install -y software-properties-common\nadd-apt-repository \"deb https://packages.grafana.com/oss/deb stable main\"\nwget -q -O - https://packages.grafana.com/gpg.key | apt-key add -\napt update -y\napt install grafana -y\n\nsystemctl enable grafana-server\nsystemctl start grafana-server\n",
            "user_data_base64": null,
            "user_data_replace_on_change": false,
            "volume_tags": null,
            "vpc_security_group_ids": [
              "sg-0e9e1d021a9ecdd68"
            ]
          },
          "sensitive_attributes": [],
          "identity_schema_version": 0,
          "identity": {
            "account_id": "402314751452",
            "id": "i-03d9669bf2a13b5ea",
            "region": "us-east-1"
          },
          "private": "eyJlMmJmYjczMC1lY2FhLTExZTYtOGY4OC0zNDM2M2JjN2M0YzAiOnsiY3JlYXRlIjo2MDAwMDAwMDAwMDAsImRlbGV0ZSI6MTIwMDAwMDAwMDAwMCwicmVhZCI6OTAwMDAwMDAwMDAwLCJ1cGRhdGUiOjYwMDAwMDAwMDAwMH0sInNjaGVtYV92ZXJzaW9uIjoiMiJ9",
          "dependencies": [
            "aws_security_group.monitoring_sg",
            "aws_subnet.main",
            "aws_vpc.main"
          ]
        }
      ]
    },
    {
      "mode": "managed",
      "type": "aws_internet_gateway",
      "name": "main",
      "provider": "provider[\"registry.terraform.io/hashicorp/aws\"]",
      "instances": [
        {
          "schema_version": 0,
          "attributes": {
            "arn": "arn:aws:ec2:us-east-1:402314751452:internet-gateway/igw-0940744edad3459aa",
            "id": "igw-0940744edad3459aa",
            "owner_id": "402314751452",
            "region": "us-east-1",
            "tags": null,
            "tags_all": {},
            "timeouts": null,
            "vpc_id": "vpc-0f8c45abdda77e3b5"
          },
          "sensitive_attributes": [],
          "identity_schema_version": 0,
          "private": "eyJlMmJmYjczMC1lY2FhLTExZTYtOGY4OC0zNDM2M2JjN2M0YzAiOnsiY3JlYXRlIjoxMjAwMDAwMDAwMDAwLCJkZWxldGUiOjEyMDAwMDAwMDAwMDAsInVwZGF0ZSI6MTIwMDAwMDAwMDAwMH19",
          "dependencies": [
            "aws_vpc.main"
          ]
        }
      ]
    },
    {
      "mode": "managed",
      "type": "aws_route_table",
      "name": "main",
      "provider": "provider[\"registry.terraform.io/hashicorp/aws\"]",
      "instances": [
        {
          "schema_version": 0,
          "attributes": {
            "arn": "arn:aws:ec2:us-east-1:402314751452:route-table/rtb-0dad16cdfb79d8202",
            "id": "rtb-0dad16cdfb79d8202",
            "owner_id": "402314751452",
            "propagating_vgws": [],
            "region": "us-east-1",
            "route": [
              {
                "carrier_gateway_id": "",
                "cidr_block": "0.0.0.0/0",
                "core_network_arn": "",
                "destination_prefix_list_id": "",
                "egress_only_gateway_id": "",
                "gateway_id": "igw-0940744edad3459aa",
                "ipv6_cidr_block": "",
                "local_gateway_id": "",
                "nat_gateway_id": "",
                "network_interface_id": "",
                "transit_gateway_id": "",
                "vpc_endpoint_id": "",
                "vpc_peering_connection_id": ""
              }
            ],
            "tags": null,
            "tags_all": {},
            "timeouts": null,
            "vpc_id": "vpc-0f8c45abdda77e3b5"
          },
          "sensitive_attributes": [],
          "identity_schema_version": 0,
          "identity": {
            "account_id": "402314751452",
            "id": "rtb-0dad16cdfb79d8202",
            "region": "us-east-1"
          },
          "private": "eyJlMmJmYjczMC1lY2FhLTExZTYtOGY4OC0zNDM2M2JjN2M0YzAiOnsiY3JlYXRlIjozMDAwMDAwMDAwMDAsImRlbGV0ZSI6MzAwMDAwMDAwMDAwLCJ1cGRhdGUiOjEyMDAwMDAwMDAwMH19",
          "dependencies": [
            "aws_internet_gateway.main",
            "aws_vpc.main"
          ]
        }
      ]
    },
    {
      "mode": "managed",
      "type": "aws_route_table_association",
      "name": "main",
      "provider": "provider[\"registry.terraform.io/hashicorp/aws\"]",
      "instances": [
        {
          "schema_version": 0,
          "attributes": {
            "gateway_id": "",
            "id": "rtbassoc-050fb36e554de10ca",
            "region": "us-east-1",
            "route_table_id": "rtb-0dad16cdfb79d8202",
            "subnet_id": "subnet-0df1adb68497ca883",
            "timeouts": null
          },
          "sensitive_attributes": [],
          "identity_schema_version": 0,
          "private": "eyJlMmJmYjczMC1lY2FhLTExZTYtOGY4OC0zNDM2M2JjN2M0YzAiOnsiY3JlYXRlIjozMDAwMDAwMDAwMDAsImRlbGV0ZSI6MzAwMDAwMDAwMDAwLCJ1cGRhdGUiOjEyMDAwMDAwMDAwMH19",
          "dependencies": [
            "aws_internet_gateway.main",
            "aws_route_table.main",
            "aws_subnet.main",
            "aws_vpc.main"
          ]
        }
      ]
    },
    {
      "mode": "managed",
      "type": "aws_security_group",
      "name": "monitoring_sg",
      "provider": "provider[\"registry.terraform.io/hashicorp/aws\"]",
      "instances": [
        {
          "schema_version": 1,
          "attributes": {
            "arn": "arn:aws:ec2:us-east-1:402314751452:security-group/sg-0e9e1d021a9ecdd68",
            "description": "Managed by Terraform",
            "egress": [
              {
                "cidr_blocks": [
                  "0.0.0.0/0"
                ],
                "description": "",
                "from_port": 0,
                "ipv6_cidr_blocks": [],
                "prefix_list_ids": [],
                "protocol": "-1",
                "security_groups": [],
                "self": false,
                "to_port": 0
              }
            ],
            "id": "sg-0e9e1d021a9ecdd68",
            "ingress": [
              {
                "cidr_blocks": [
                  "0.0.0.0/0"
                ],
                "description": "",
                "from_port": 22,
                "ipv6_cidr_blocks": [],
                "prefix_list_ids": [],
                "protocol": "tcp",
                "security_groups": [],
                "self": false,
                "to_port": 22
              },
              {
                "cidr_blocks": [
                  "0.0.0.0/0"
                ],
                "description": "",
                "from_port": 3000,
                "ipv6_cidr_blocks": [],
                "prefix_list_ids": [],
                "protocol": "tcp",
                "security_groups": [],
                "self": false,
                "to_port": 3000
              },
              {
                "cidr_blocks": [
                  "0.0.0.0/0"
                ],
                "description": "",
                "from_port": 9090,
                "ipv6_cidr_blocks": [],
                "prefix_list_ids": [],
                "protocol": "tcp",
                "security_groups": [],
                "self": false,
                "to_port": 9090
              },
              {
                "cidr_blocks": [
                  "0.0.0.0/0"
                ],
                "description": "",
                "from_port": 9100,
                "ipv6_cidr_blocks": [],
                "prefix_list_ids": [],
                "protocol": "tcp",
                "security_groups": [],
                "self": false,
                "to_port": 9100
              }
            ],
            "name": "monitoring-sg",
            "name_prefix": "",
            "owner_id": "402314751452",
            "region": "us-east-1",
            "revoke_rules_on_delete": false,
            "tags": {},
            "tags_all": {},
            "timeouts": null,
            "vpc_id": "vpc-0f8c45abdda77e3b5"
          },
          "sensitive_attributes": [],
          "identity_schema_version": 0,
          "identity": {
            "account_id": "402314751452",
            "id": "sg-0e9e1d021a9ecdd68",
            "region": "us-east-1"
          },
          "private": "eyJlMmJmYjczMC1lY2FhLTExZTYtOGY4OC0zNDM2M2JjN2M0YzAiOnsiY3JlYXRlIjo2MDAwMDAwMDAwMDAsImRlbGV0ZSI6OTAwMDAwMDAwMDAwfSwic2NoZW1hX3ZlcnNpb24iOiIxIn0=",
          "dependencies": [
            "aws_vpc.main"
          ]
        }
      ]
    },
    {
      "mode": "managed",
      "type": "aws_subnet",
      "name": "main",
      "provider": "provider[\"registry.terraform.io/hashicorp/aws\"]",
      "instances": [
        {
          "schema_version": 1,
          "attributes": {
            "arn": "arn:aws:ec2:us-east-1:402314751452:subnet/subnet-0df1adb68497ca883",
            "assign_ipv6_address_on_creation": false,
            "availability_zone": "us-east-1d",
            "availability_zone_id": "use1-az6",
            "cidr_block": "10.0.1.0/24",
            "customer_owned_ipv4_pool": "",
            "enable_dns64": false,
            "enable_lni_at_device_index": 0,
            "enable_resource_name_dns_a_record_on_launch": false,
            "enable_resource_name_dns_aaaa_record_on_launch": false,
            "id": "subnet-0df1adb68497ca883",
            "ipv4_ipam_pool_id": null,
            "ipv4_netmask_length": null,
            "ipv6_cidr_block": "",
            "ipv6_cidr_block_association_id": "",
            "ipv6_ipam_pool_id": null,
            "ipv6_native": false,
            "ipv6_netmask_length": null,
            "map_customer_owned_ip_on_launch": false,
            "map_public_ip_on_launch": false,
            "outpost_arn": "",
            "owner_id": "402314751452",
            "private_dns_hostname_type_on_launch": "ip-name",
            "region": "us-east-1",
            "tags": {},
            "tags_all": {},
            "timeouts": null,
            "vpc_id": "vpc-0f8c45abdda77e3b5"
          },
          "sensitive_attributes": [],
          "identity_schema_version": 0,
          "identity": {
            "account_id": "402314751452",
            "id": "subnet-0df1adb68497ca883",
            "region": "us-east-1"
          },
          "private": "eyJlMmJmYjczMC1lY2FhLTExZTYtOGY4OC0zNDM2M2JjN2M0YzAiOnsiY3JlYXRlIjo2MDAwMDAwMDAwMDAsImRlbGV0ZSI6MTIwMDAwMDAwMDAwMH0sInNjaGVtYV92ZXJzaW9uIjoiMSJ9",
          "dependencies": [
            "aws_vpc.main"
          ]
        }
      ]
    },
    {
      "mode": "managed",
      "type": "aws_vpc",
      "name": "main",
      "provider": "provider[\"registry.terraform.io/hashicorp/aws\"]",
      "instances": [
        {
          "schema_version": 1,
          "attributes": {
            "arn": "arn:aws:ec2:us-east-1:402314751452:vpc/vpc-0f8c45abdda77e3b5",
            "assign_generated_ipv6_cidr_block": false,
            "cidr_block": "10.0.0.0/16",
            "default_network_acl_id": "acl-0f5ae7f5bace5a62d",
            "default_route_table_id": "rtb-0ed72526077aead3c",
            "default_security_group_id": "sg-0255d32397be4ae1b",
            "dhcp_options_id": "dopt-033a776a8dc965a8c",
            "enable_dns_hostnames": false,
            "enable_dns_support": true,
            "enable_network_address_usage_metrics": false,
            "id": "vpc-0f8c45abdda77e3b5",
            "instance_tenancy": "default",
            "ipv4_ipam_pool_id": null,
            "ipv4_netmask_length": null,
            "ipv6_association_id": "",
            "ipv6_cidr_block": "",
            "ipv6_cidr_block_network_border_group": "",
            "ipv6_ipam_pool_id": "",
            "ipv6_netmask_length": 0,
            "main_route_table_id": "rtb-0ed72526077aead3c",
            "owner_id": "402314751452",
            "region": "us-east-1",
            "tags": {},
            "tags_all": {}
          },
          "sensitive_attributes": [],
          "identity_schema_version": 0,
          "identity": {
            "account_id": "402314751452",
            "id": "vpc-0f8c45abdda77e3b5",
            "region": "us-east-1"
          },
          "private": "eyJzY2hlbWFfdmVyc2lvbiI6IjEifQ=="
        }
      ]
    }
  ],
  "check_results": null
}
